# @generated by Move, please check-in and do not edit manually.

[move]
version = 3
manifest_digest = "A3FC6184E2DBF5632ECD823C5D3EF7FB343462F76F949673A9A5DE31EF611BD5"
deps_digest = "F8BBB0CCB2491CA29A3DF03D6F92277A4F3574266507ACD77214D37ECA3F3082"
dependencies = [
  { id = "One", name = "One" },
]

[[move.package]]
id = "MoveStdlib"
source = { git = "https://github.com/one-chain-labs/onechain.git", rev = "main", subdir = "crates/sui-framework/packages/move-stdlib" }

[[move.package]]
id = "One"
source = { git = "https://github.com/one-chain-labs/onechain.git", rev = "main", subdir = "crates/sui-framework/packages/one-framework" }

dependencies = [
  { id = "MoveStdlib", name = "MoveStdlib" },
]

[move.toolchain-version]
compiler-version = "1.0.1"
edition = "2024.beta"
flavor = "one"

[env]

[env.testnet]
chain-id = "1bd5c965"
original-published-id = "0x77457c8bab7351fad714d80b0c33ffe9e150326648f4a686dc4188f9b37a18a6"
latest-published-id = "0x77457c8bab7351fad714d80b0c33ffe9e150326648f4a686dc4188f9b37a18a6"
published-version = "1"
